
Microsoft Visual Studio Solution File, Format Version 12.00
# Visual Studio Version 17
VisualStudioVersion = 17.12.35527.113 d17.12
MinimumVisualStudioVersion = 10.0.40219.1
Project("{2150E333-8FDC-42A3-9474-1A3956D46DE8}") = "src", "src", "{DDC487E7-349D-4C27-95BF-BCF36F594687}"
EndProject
Project("{FAE04EC0-301F-11D3-BF4B-00C04F79EFBC}") = "TrainingApp.API", "src\TrainingApp.API\TrainingApp.API.csproj", "{32239B72-AC19-4774-9B81-7A56CD9A69A7}"
EndProject
Project("{FAE04EC0-301F-11D3-BF4B-00C04F79EFBC}") = "TrainingApp.Application", "src\TrainingApp.Application\TrainingApp.Application.csproj", "{98D6D078-E1D6-4048-851C-1E19BC7C6362}"
EndProject
Project("{FAE04EC0-301F-11D3-BF4B-00C04F79EFBC}") = "TrainingApp.Infrastructure", "src\TrainingApp.Infrastructure\TrainingApp.Infrastructure.csproj", "{7ADBA623-5210-4A28-859A-3C2C0016D806}"
EndProject
Project("{FAE04EC0-301F-11D3-BF4B-00C04F79EFBC}") = "TrainingApp.Domain", "src\TrainingApp.Domain\TrainingApp.Domain.csproj", "{3F47CCF5-9F3C-42FD-BFE6-161699AAA1D0}"
EndProject
Project("{FAE04EC0-301F-11D3-BF4B-00C04F79EFBC}") = "TrainingApp.Shared", "src\TrainingApp.Shared\TrainingApp.Shared.csproj", "{C9AAC24A-67C3-4F0C-8CAC-1EF1BCC7D653}"
EndProject
Project("{2150E333-8FDC-42A3-9474-1A3956D46DE8}") = "Solution Items", "Solution Items", "{B2F50C4B-33D5-4147-90BB-97D49DA55FED}"
	ProjectSection(SolutionItems) = preProject
		Init_Db.sql = Init_Db.sql
		Workout_SP.sql = Workout_SP.sql
	EndProjectSection
EndProject
Global
	GlobalSection(SolutionConfigurationPlatforms) = preSolution
		Debug|Any CPU = Debug|Any CPU
		Release|Any CPU = Release|Any CPU
	EndGlobalSection
	GlobalSection(ProjectConfigurationPlatforms) = postSolution
		{32239B72-AC19-4774-9B81-7A56CD9A69A7}.Debug|Any CPU.ActiveCfg = Debug|Any CPU
		{32239B72-AC19-4774-9B81-7A56CD9A69A7}.Debug|Any CPU.Build.0 = Debug|Any CPU
		{32239B72-AC19-4774-9B81-7A56CD9A69A7}.Release|Any CPU.ActiveCfg = Release|Any CPU
		{32239B72-AC19-4774-9B81-7A56CD9A69A7}.Release|Any CPU.Build.0 = Release|Any CPU
		{98D6D078-E1D6-4048-851C-1E19BC7C6362}.Debug|Any CPU.ActiveCfg = Debug|Any CPU
		{98D6D078-E1D6-4048-851C-1E19BC7C6362}.Debug|Any CPU.Build.0 = Debug|Any CPU
		{98D6D078-E1D6-4048-851C-1E19BC7C6362}.Release|Any CPU.ActiveCfg = Release|Any CPU
		{98D6D078-E1D6-4048-851C-1E19BC7C6362}.Release|Any CPU.Build.0 = Release|Any CPU
		{7ADBA623-5210-4A28-859A-3C2C0016D806}.Debug|Any CPU.ActiveCfg = Debug|Any CPU
		{7ADBA623-5210-4A28-859A-3C2C0016D806}.Debug|Any CPU.Build.0 = Debug|Any CPU
		{7ADBA623-5210-4A28-859A-3C2C0016D806}.Release|Any CPU.ActiveCfg = Release|Any CPU
		{7ADBA623-5210-4A28-859A-3C2C0016D806}.Release|Any CPU.Build.0 = Release|Any CPU
		{3F47CCF5-9F3C-42FD-BFE6-161699AAA1D0}.Debug|Any CPU.ActiveCfg = Debug|Any CPU
		{3F47CCF5-9F3C-42FD-BFE6-161699AAA1D0}.Debug|Any CPU.Build.0 = Debug|Any CPU
		{3F47CCF5-9F3C-42FD-BFE6-161699AAA1D0}.Release|Any CPU.ActiveCfg = Release|Any CPU
		{3F47CCF5-9F3C-42FD-BFE6-161699AAA1D0}.Release|Any CPU.Build.0 = Release|Any CPU
		{C9AAC24A-67C3-4F0C-8CAC-1EF1BCC7D653}.Debug|Any CPU.ActiveCfg = Debug|Any CPU
		{C9AAC24A-67C3-4F0C-8CAC-1EF1BCC7D653}.Debug|Any CPU.Build.0 = Debug|Any CPU
		{C9AAC24A-67C3-4F0C-8CAC-1EF1BCC7D653}.Release|Any CPU.ActiveCfg = Release|Any CPU
		{C9AAC24A-67C3-4F0C-8CAC-1EF1BCC7D653}.Release|Any CPU.Build.0 = Release|Any CPU
	EndGlobalSection
	GlobalSection(SolutionProperties) = preSolution
		HideSolutionNode = FALSE
	EndGlobalSection
	GlobalSection(NestedProjects) = preSolution
		{32239B72-AC19-4774-9B81-7A56CD9A69A7} = {DDC487E7-349D-4C27-95BF-BCF36F594687}
		{98D6D078-E1D6-4048-851C-1E19BC7C6362} = {DDC487E7-349D-4C27-95BF-BCF36F594687}
		{7ADBA623-5210-4A28-859A-3C2C0016D806} = {DDC487E7-349D-4C27-95BF-BCF36F594687}
		{3F47CCF5-9F3C-42FD-BFE6-161699AAA1D0} = {DDC487E7-349D-4C27-95BF-BCF36F594687}
		{C9AAC24A-67C3-4F0C-8CAC-1EF1BCC7D653} = {DDC487E7-349D-4C27-95BF-BCF36F594687}
	EndGlobalSection
EndGlobal
